// !$*UTF8*$!
{
	archiveVersion = 1;
	classes = {
	};
	objectVersion = 55;
	objects = {

/* Begin PBXBuildFile section */
		01A32BC98FE4CA9F39E95902 /* Pods_Szapp_SzappUITests.framework in Frameworks */ = {isa = PBXBuildFile; fileRef = 1E4835B2CAC2F6E74E6CADDE /* Pods_Szapp_SzappUITests.framework */; };
		0B563DBF31926E71A47B820B /* Pods_Szapp.framework in Frameworks */ = {isa = PBXBuildFile; fileRef = FFD7B33A2B764EE1750D47A8 /* Pods_Szapp.framework */; };
		2DD2C00427A274F00010B119 /* AppDelegate.m in Sources */ = {isa = PBXBuildFile; fileRef = 2DD2C00327A274F00010B119 /* AppDelegate.m */; };
		2DD2C00727A274F00010B119 /* SceneDelegate.m in Sources */ = {isa = PBXBuildFile; fileRef = 2DD2C00627A274F00010B119 /* SceneDelegate.m */; };
		2DD2C00D27A274F00010B119 /* Main.storyboard in Resources */ = {isa = PBXBuildFile; fileRef = 2DD2C00B27A274F00010B119 /* Main.storyboard */; };
		2DD2C01027A274F00010B119 /* Szapp.xcdatamodeld in Sources */ = {isa = PBXBuildFile; fileRef = 2DD2C00E27A274F00010B119 /* Szapp.xcdatamodeld */; };
		2DD2C01227A274F30010B119 /* Assets.xcassets in Resources */ = {isa = PBXBuildFile; fileRef = 2DD2C01127A274F30010B119 /* Assets.xcassets */; };
		2DD2C01527A274F30010B119 /* LaunchScreen.storyboard in Resources */ = {isa = PBXBuildFile; fileRef = 2DD2C01327A274F30010B119 /* LaunchScreen.storyboard */; };
		2DD2C01827A274F30010B119 /* main.m in Sources */ = {isa = PBXBuildFile; fileRef = 2DD2C01727A274F30010B119 /* main.m */; };
		2DD2C02227A274F30010B119 /* SzappTests.m in Sources */ = {isa = PBXBuildFile; fileRef = 2DD2C02127A274F30010B119 /* SzappTests.m */; };
		2DD2C02C27A274F30010B119 /* SzappUITests.m in Sources */ = {isa = PBXBuildFile; fileRef = 2DD2C02B27A274F30010B119 /* SzappUITests.m */; };
		2DD2C02E27A274F30010B119 /* SzappUITestsLaunchTests.m in Sources */ = {isa = PBXBuildFile; fileRef = 2DD2C02D27A274F30010B119 /* SzappUITestsLaunchTests.m */; };
		2DD2C03C27A278A70010B119 /* HomeScreenViewController.m in Sources */ = {isa = PBXBuildFile; fileRef = 2DD2C03B27A278A70010B119 /* HomeScreenViewController.m */; };
		2DD2C04027A27A3E0010B119 /* UserProductsViewController.m in Sources */ = {isa = PBXBuildFile; fileRef = 2DD2C03F27A27A3E0010B119 /* UserProductsViewController.m */; };
		2DD2C04427A27BFB0010B119 /* TabsNavigationController.m in Sources */ = {isa = PBXBuildFile; fileRef = 2DD2C04327A27BFB0010B119 /* TabsNavigationController.m */; };
		2DD2C04727A27DBA0010B119 /* StackNavigationController.m in Sources */ = {isa = PBXBuildFile; fileRef = 2DD2C04627A27DBA0010B119 /* StackNavigationController.m */; };
		2DD2C04A27A27E790010B119 /* AddProductViewController.m in Sources */ = {isa = PBXBuildFile; fileRef = 2DD2C04927A27E790010B119 /* AddProductViewController.m */; };
		2DEB1A3927A2D91400F2F3E7 /* BasketViewController.m in Sources */ = {isa = PBXBuildFile; fileRef = 2DEB1A3827A2D91400F2F3E7 /* BasketViewController.m */; };
		F32B9A07BD5D1E037BCBA6AA /* Pods_SzappTests.framework in Frameworks */ = {isa = PBXBuildFile; fileRef = F7E6E11FB471B65B256520C2 /* Pods_SzappTests.framework */; };
/* End PBXBuildFile section */

/* Begin PBXContainerItemProxy section */
		2DD2C01E27A274F30010B119 /* PBXContainerItemProxy */ = {
			isa = PBXContainerItemProxy;
			containerPortal = 2DD2BFF727A274F00010B119 /* Project object */;
			proxyType = 1;
			remoteGlobalIDString = 2DD2BFFE27A274F00010B119;
			remoteInfo = Szapp;
		};
		2DD2C02827A274F30010B119 /* PBXContainerItemProxy */ = {
			isa = PBXContainerItemProxy;
			containerPortal = 2DD2BFF727A274F00010B119 /* Project object */;
			proxyType = 1;
			remoteGlobalIDString = 2DD2BFFE27A274F00010B119;
			remoteInfo = Szapp;
		};
/* End PBXContainerItemProxy section */

/* Begin PBXFileReference section */
		0D301F9EAB49572AF5C45661 /* Pods-Szapp.debug.xcconfig */ = {isa = PBXFileReference; includeInIndex = 1; lastKnownFileType = text.xcconfig; name = "Pods-Szapp.debug.xcconfig"; path = "Target Support Files/Pods-Szapp/Pods-Szapp.debug.xcconfig"; sourceTree = "<group>"; };
		118FFB31E96320E20B8A96B7 /* Pods-Szapp-SzappUITests.release.xcconfig */ = {isa = PBXFileReference; includeInIndex = 1; lastKnownFileType = text.xcconfig; name = "Pods-Szapp-SzappUITests.release.xcconfig"; path = "Target Support Files/Pods-Szapp-SzappUITests/Pods-Szapp-SzappUITests.release.xcconfig"; sourceTree = "<group>"; };
		1B93D9569B6ED470B23CB58D /* Pods-SzappTests.debug.xcconfig */ = {isa = PBXFileReference; includeInIndex = 1; lastKnownFileType = text.xcconfig; name = "Pods-SzappTests.debug.xcconfig"; path = "Target Support Files/Pods-SzappTests/Pods-SzappTests.debug.xcconfig"; sourceTree = "<group>"; };
		1E4835B2CAC2F6E74E6CADDE /* Pods_Szapp_SzappUITests.framework */ = {isa = PBXFileReference; explicitFileType = wrapper.framework; includeInIndex = 0; path = Pods_Szapp_SzappUITests.framework; sourceTree = BUILT_PRODUCTS_DIR; };
		295C6021FEF4753DCA2B5DF0 /* Pods-Szapp.release.xcconfig */ = {isa = PBXFileReference; includeInIndex = 1; lastKnownFileType = text.xcconfig; name = "Pods-Szapp.release.xcconfig"; path = "Target Support Files/Pods-Szapp/Pods-Szapp.release.xcconfig"; sourceTree = "<group>"; };
		2DD2BFFF27A274F00010B119 /* Szapp.app */ = {isa = PBXFileReference; explicitFileType = wrapper.application; includeInIndex = 0; path = Szapp.app; sourceTree = BUILT_PRODUCTS_DIR; };
		2DD2C00227A274F00010B119 /* AppDelegate.h */ = {isa = PBXFileReference; lastKnownFileType = sourcecode.c.h; path = AppDelegate.h; sourceTree = "<group>"; };
		2DD2C00327A274F00010B119 /* AppDelegate.m */ = {isa = PBXFileReference; lastKnownFileType = sourcecode.c.objc; path = AppDelegate.m; sourceTree = "<group>"; };
		2DD2C00527A274F00010B119 /* SceneDelegate.h */ = {isa = PBXFileReference; lastKnownFileType = sourcecode.c.h; path = SceneDelegate.h; sourceTree = "<group>"; };
		2DD2C00627A274F00010B119 /* SceneDelegate.m */ = {isa = PBXFileReference; lastKnownFileType = sourcecode.c.objc; path = SceneDelegate.m; sourceTree = "<group>"; };
		2DD2C00C27A274F00010B119 /* Base */ = {isa = PBXFileReference; lastKnownFileType = file.storyboard; name = Base; path = Base.lproj/Main.storyboard; sourceTree = "<group>"; };
		2DD2C00F27A274F00010B119 /* Szapp.xcdatamodel */ = {isa = PBXFileReference; lastKnownFileType = wrapper.xcdatamodel; path = Szapp.xcdatamodel; sourceTree = "<group>"; };
		2DD2C01127A274F30010B119 /* Assets.xcassets */ = {isa = PBXFileReference; lastKnownFileType = folder.assetcatalog; path = Assets.xcassets; sourceTree = "<group>"; };
		2DD2C01427A274F30010B119 /* Base */ = {isa = PBXFileReference; lastKnownFileType = file.storyboard; name = Base; path = Base.lproj/LaunchScreen.storyboard; sourceTree = "<group>"; };
		2DD2C01627A274F30010B119 /* Info.plist */ = {isa = PBXFileReference; lastKnownFileType = text.plist.xml; path = Info.plist; sourceTree = "<group>"; };
		2DD2C01727A274F30010B119 /* main.m */ = {isa = PBXFileReference; lastKnownFileType = sourcecode.c.objc; path = main.m; sourceTree = "<group>"; };
		2DD2C01D27A274F30010B119 /* SzappTests.xctest */ = {isa = PBXFileReference; explicitFileType = wrapper.cfbundle; includeInIndex = 0; path = SzappTests.xctest; sourceTree = BUILT_PRODUCTS_DIR; };
		2DD2C02127A274F30010B119 /* SzappTests.m */ = {isa = PBXFileReference; lastKnownFileType = sourcecode.c.objc; path = SzappTests.m; sourceTree = "<group>"; };
		2DD2C02727A274F30010B119 /* SzappUITests.xctest */ = {isa = PBXFileReference; explicitFileType = wrapper.cfbundle; includeInIndex = 0; path = SzappUITests.xctest; sourceTree = BUILT_PRODUCTS_DIR; };
		2DD2C02B27A274F30010B119 /* SzappUITests.m */ = {isa = PBXFileReference; lastKnownFileType = sourcecode.c.objc; path = SzappUITests.m; sourceTree = "<group>"; };
		2DD2C02D27A274F30010B119 /* SzappUITestsLaunchTests.m */ = {isa = PBXFileReference; lastKnownFileType = sourcecode.c.objc; path = SzappUITestsLaunchTests.m; sourceTree = "<group>"; };
		2DD2C03B27A278A70010B119 /* HomeScreenViewController.m */ = {isa = PBXFileReference; lastKnownFileType = sourcecode.c.objc; path = HomeScreenViewController.m; sourceTree = "<group>"; };
		2DD2C03D27A278BF0010B119 /* HomeScreenViewController.h */ = {isa = PBXFileReference; lastKnownFileType = sourcecode.c.h; path = HomeScreenViewController.h; sourceTree = "<group>"; };
		2DD2C03E27A27A280010B119 /* UserProductsViewController.h */ = {isa = PBXFileReference; lastKnownFileType = sourcecode.c.h; path = UserProductsViewController.h; sourceTree = "<group>"; };
		2DD2C03F27A27A3E0010B119 /* UserProductsViewController.m */ = {isa = PBXFileReference; lastKnownFileType = sourcecode.c.objc; path = UserProductsViewController.m; sourceTree = "<group>"; };
		2DD2C04227A27BEB0010B119 /* TabsNavigationController.h */ = {isa = PBXFileReference; lastKnownFileType = sourcecode.c.h; path = TabsNavigationController.h; sourceTree = "<group>"; };
		2DD2C04327A27BFB0010B119 /* TabsNavigationController.m */ = {isa = PBXFileReference; lastKnownFileType = sourcecode.c.objc; path = TabsNavigationController.m; sourceTree = "<group>"; };
		2DD2C04527A27DA60010B119 /* StackNavigationController.h */ = {isa = PBXFileReference; lastKnownFileType = sourcecode.c.h; path = StackNavigationController.h; sourceTree = "<group>"; };
		2DD2C04627A27DBA0010B119 /* StackNavigationController.m */ = {isa = PBXFileReference; lastKnownFileType = sourcecode.c.objc; path = StackNavigationController.m; sourceTree = "<group>"; };
		2DD2C04827A27E600010B119 /* AddProductViewController.h */ = {isa = PBXFileReference; lastKnownFileType = sourcecode.c.h; path = AddProductViewController.h; sourceTree = "<group>"; };
		2DD2C04927A27E790010B119 /* AddProductViewController.m */ = {isa = PBXFileReference; lastKnownFileType = sourcecode.c.objc; path = AddProductViewController.m; sourceTree = "<group>"; };
		2DEB1A3727A2D90400F2F3E7 /* BasketViewController.h */ = {isa = PBXFileReference; lastKnownFileType = sourcecode.c.h; path = BasketViewController.h; sourceTree = "<group>"; };
		2DEB1A3827A2D91400F2F3E7 /* BasketViewController.m */ = {isa = PBXFileReference; lastKnownFileType = sourcecode.c.objc; path = BasketViewController.m; sourceTree = "<group>"; };
		78BF78B070BF7E04A548BFD2 /* Pods-SzappTests.release.xcconfig */ = {isa = PBXFileReference; includeInIndex = 1; lastKnownFileType = text.xcconfig; name = "Pods-SzappTests.release.xcconfig"; path = "Target Support Files/Pods-SzappTests/Pods-SzappTests.release.xcconfig"; sourceTree = "<group>"; };
		7AC647AA3C7F6318F1BF0FE3 /* Pods-Szapp-SzappUITests.debug.xcconfig */ = {isa = PBXFileReference; includeInIndex = 1; lastKnownFileType = text.xcconfig; name = "Pods-Szapp-SzappUITests.debug.xcconfig"; path = "Target Support Files/Pods-Szapp-SzappUITests/Pods-Szapp-SzappUITests.debug.xcconfig"; sourceTree = "<group>"; };
		F7E6E11FB471B65B256520C2 /* Pods_SzappTests.framework */ = {isa = PBXFileReference; explicitFileType = wrapper.framework; includeInIndex = 0; path = Pods_SzappTests.framework; sourceTree = BUILT_PRODUCTS_DIR; };
		FFD7B33A2B764EE1750D47A8 /* Pods_Szapp.framework */ = {isa = PBXFileReference; explicitFileType = wrapper.framework; includeInIndex = 0; path = Pods_Szapp.framework; sourceTree = BUILT_PRODUCTS_DIR; };
/* End PBXFileReference section */

/* Begin PBXFrameworksBuildPhase section */
		2DD2BFFC27A274F00010B119 /* Frameworks */ = {
			isa = PBXFrameworksBuildPhase;
			buildActionMask = 2147483647;
			files = (
				0B563DBF31926E71A47B820B /* Pods_Szapp.framework in Frameworks */,
			);
			runOnlyForDeploymentPostprocessing = 0;
		};
		2DD2C01A27A274F30010B119 /* Frameworks */ = {
			isa = PBXFrameworksBuildPhase;
			buildActionMask = 2147483647;
			files = (
				F32B9A07BD5D1E037BCBA6AA /* Pods_SzappTests.framework in Frameworks */,
			);
			runOnlyForDeploymentPostprocessing = 0;
		};
		2DD2C02427A274F30010B119 /* Frameworks */ = {
			isa = PBXFrameworksBuildPhase;
			buildActionMask = 2147483647;
			files = (
				01A32BC98FE4CA9F39E95902 /* Pods_Szapp_SzappUITests.framework in Frameworks */,
			);
			runOnlyForDeploymentPostprocessing = 0;
		};
/* End PBXFrameworksBuildPhase section */

/* Begin PBXGroup section */
		0C6A2DEEAF28E94137EE2604 /* Pods */ = {
			isa = PBXGroup;
			children = (
				0D301F9EAB49572AF5C45661 /* Pods-Szapp.debug.xcconfig */,
				295C6021FEF4753DCA2B5DF0 /* Pods-Szapp.release.xcconfig */,
				7AC647AA3C7F6318F1BF0FE3 /* Pods-Szapp-SzappUITests.debug.xcconfig */,
				118FFB31E96320E20B8A96B7 /* Pods-Szapp-SzappUITests.release.xcconfig */,
				1B93D9569B6ED470B23CB58D /* Pods-SzappTests.debug.xcconfig */,
				78BF78B070BF7E04A548BFD2 /* Pods-SzappTests.release.xcconfig */,
			);
			path = Pods;
			sourceTree = "<group>";
		};
		2DD2BFF627A274F00010B119 = {
			isa = PBXGroup;
			children = (
				2DD2C00127A274F00010B119 /* Szapp */,
				2DD2C02027A274F30010B119 /* SzappTests */,
				2DD2C02A27A274F30010B119 /* SzappUITests */,
				2DD2C00027A274F00010B119 /* Products */,
				0C6A2DEEAF28E94137EE2604 /* Pods */,
				97D9083F5732F646E71E0C32 /* Frameworks */,
			);
			sourceTree = "<group>";
		};
		2DD2C00027A274F00010B119 /* Products */ = {
			isa = PBXGroup;
			children = (
				2DD2BFFF27A274F00010B119 /* Szapp.app */,
				2DD2C01D27A274F30010B119 /* SzappTests.xctest */,
				2DD2C02727A274F30010B119 /* SzappUITests.xctest */,
			);
			name = Products;
			sourceTree = "<group>";
		};
		2DD2C00127A274F00010B119 /* Szapp */ = {
			isa = PBXGroup;
			children = (
				2DD2C04127A27BCE0010B119 /* NavigationControllers */,
				2DD2C03A27A278740010B119 /* ViewControllers */,
				2DD2C00227A274F00010B119 /* AppDelegate.h */,
				2DD2C00327A274F00010B119 /* AppDelegate.m */,
				2DD2C00527A274F00010B119 /* SceneDelegate.h */,
				2DD2C00627A274F00010B119 /* SceneDelegate.m */,
				2DD2C00B27A274F00010B119 /* Main.storyboard */,
				2DD2C01127A274F30010B119 /* Assets.xcassets */,
				2DD2C01327A274F30010B119 /* LaunchScreen.storyboard */,
				2DD2C01627A274F30010B119 /* Info.plist */,
				2DD2C01727A274F30010B119 /* main.m */,
				2DD2C00E27A274F00010B119 /* Szapp.xcdatamodeld */,
			);
			path = Szapp;
			sourceTree = "<group>";
		};
		2DD2C02027A274F30010B119 /* SzappTests */ = {
			isa = PBXGroup;
			children = (
				2DD2C02127A274F30010B119 /* SzappTests.m */,
			);
			path = SzappTests;
			sourceTree = "<group>";
		};
		2DD2C02A27A274F30010B119 /* SzappUITests */ = {
			isa = PBXGroup;
			children = (
				2DD2C02B27A274F30010B119 /* SzappUITests.m */,
				2DD2C02D27A274F30010B119 /* SzappUITestsLaunchTests.m */,
			);
			path = SzappUITests;
			sourceTree = "<group>";
		};
		2DD2C03A27A278740010B119 /* ViewControllers */ = {
			isa = PBXGroup;
			children = (
				2DD2C03B27A278A70010B119 /* HomeScreenViewController.m */,
				2DD2C03D27A278BF0010B119 /* HomeScreenViewController.h */,
				2DD2C03E27A27A280010B119 /* UserProductsViewController.h */,
				2DD2C03F27A27A3E0010B119 /* UserProductsViewController.m */,
				2DD2C04827A27E600010B119 /* AddProductViewController.h */,
				2DD2C04927A27E790010B119 /* AddProductViewController.m */,
				2DEB1A3727A2D90400F2F3E7 /* BasketViewController.h */,
				2DEB1A3827A2D91400F2F3E7 /* BasketViewController.m */,
			);
			path = ViewControllers;
			sourceTree = "<group>";
		};
		2DD2C04127A27BCE0010B119 /* NavigationControllers */ = {
			isa = PBXGroup;
			children = (
				2DD2C04227A27BEB0010B119 /* TabsNavigationController.h */,
				2DD2C04327A27BFB0010B119 /* TabsNavigationController.m */,
				2DD2C04527A27DA60010B119 /* StackNavigationController.h */,
				2DD2C04627A27DBA0010B119 /* StackNavigationController.m */,
			);
			path = NavigationControllers;
			sourceTree = "<group>";
		};
		97D9083F5732F646E71E0C32 /* Frameworks */ = {
			isa = PBXGroup;
			children = (
				FFD7B33A2B764EE1750D47A8 /* Pods_Szapp.framework */,
				1E4835B2CAC2F6E74E6CADDE /* Pods_Szapp_SzappUITests.framework */,
				F7E6E11FB471B65B256520C2 /* Pods_SzappTests.framework */,
			);
			name = Frameworks;
			sourceTree = "<group>";
		};
/* End PBXGroup section */

/* Begin PBXNativeTarget section */
		2DD2BFFE27A274F00010B119 /* Szapp */ = {
			isa = PBXNativeTarget;
			buildConfigurationList = 2DD2C03127A274F30010B119 /* Build configuration list for PBXNativeTarget "Szapp" */;
			buildPhases = (
				5DEC6CB12788DC11D817707A /* [CP] Check Pods Manifest.lock */,
				2DD2BFFB27A274F00010B119 /* Sources */,
				2DD2BFFC27A274F00010B119 /* Frameworks */,
				2DD2BFFD27A274F00010B119 /* Resources */,
			);
			buildRules = (
			);
			dependencies = (
			);
			name = Szapp;
			productName = Szapp;
			productReference = 2DD2BFFF27A274F00010B119 /* Szapp.app */;
			productType = "com.apple.product-type.application";
		};
		2DD2C01C27A274F30010B119 /* SzappTests */ = {
			isa = PBXNativeTarget;
			buildConfigurationList = 2DD2C03427A274F30010B119 /* Build configuration list for PBXNativeTarget "SzappTests" */;
			buildPhases = (
				DBE80483F8E5154B762B3AF6 /* [CP] Check Pods Manifest.lock */,
				2DD2C01927A274F30010B119 /* Sources */,
				2DD2C01A27A274F30010B119 /* Frameworks */,
				2DD2C01B27A274F30010B119 /* Resources */,
			);
			buildRules = (
			);
			dependencies = (
				2DD2C01F27A274F30010B119 /* PBXTargetDependency */,
			);
			name = SzappTests;
			productName = SzappTests;
			productReference = 2DD2C01D27A274F30010B119 /* SzappTests.xctest */;
			productType = "com.apple.product-type.bundle.unit-test";
		};
		2DD2C02627A274F30010B119 /* SzappUITests */ = {
			isa = PBXNativeTarget;
			buildConfigurationList = 2DD2C03727A274F30010B119 /* Build configuration list for PBXNativeTarget "SzappUITests" */;
			buildPhases = (
				0E7BB6E68D234D6561ED2DFD /* [CP] Check Pods Manifest.lock */,
				2DD2C02327A274F30010B119 /* Sources */,
				2DD2C02427A274F30010B119 /* Frameworks */,
				2DD2C02527A274F30010B119 /* Resources */,
			);
			buildRules = (
			);
			dependencies = (
				2DD2C02927A274F30010B119 /* PBXTargetDependency */,
			);
			name = SzappUITests;
			productName = SzappUITests;
			productReference = 2DD2C02727A274F30010B119 /* SzappUITests.xctest */;
			productType = "com.apple.product-type.bundle.ui-testing";
		};
/* End PBXNativeTarget section */

/* Begin PBXProject section */
		2DD2BFF727A274F00010B119 /* Project object */ = {
			isa = PBXProject;
			attributes = {
				BuildIndependentTargetsInParallel = 1;
				LastUpgradeCheck = 1310;
				TargetAttributes = {
					2DD2BFFE27A274F00010B119 = {
						CreatedOnToolsVersion = 13.1;
					};
					2DD2C01C27A274F30010B119 = {
						CreatedOnToolsVersion = 13.1;
						TestTargetID = 2DD2BFFE27A274F00010B119;
					};
					2DD2C02627A274F30010B119 = {
						CreatedOnToolsVersion = 13.1;
						TestTargetID = 2DD2BFFE27A274F00010B119;
					};
				};
			};
			buildConfigurationList = 2DD2BFFA27A274F00010B119 /* Build configuration list for PBXProject "Szapp" */;
			compatibilityVersion = "Xcode 13.0";
			developmentRegion = en;
			hasScannedForEncodings = 0;
			knownRegions = (
				en,
				Base,
			);
			mainGroup = 2DD2BFF627A274F00010B119;
			productRefGroup = 2DD2C00027A274F00010B119 /* Products */;
			projectDirPath = "";
			projectRoot = "";
			targets = (
				2DD2BFFE27A274F00010B119 /* Szapp */,
				2DD2C01C27A274F30010B119 /* SzappTests */,
				2DD2C02627A274F30010B119 /* SzappUITests */,
			);
		};
/* End PBXProject section */

/* Begin PBXResourcesBuildPhase section */
		2DD2BFFD27A274F00010B119 /* Resources */ = {
			isa = PBXResourcesBuildPhase;
			buildActionMask = 2147483647;
			files = (
				2DD2C01527A274F30010B119 /* LaunchScreen.storyboard in Resources */,
				2DD2C01227A274F30010B119 /* Assets.xcassets in Resources */,
				2DD2C00D27A274F00010B119 /* Main.storyboard in Resources */,
			);
			runOnlyForDeploymentPostprocessing = 0;
		};
		2DD2C01B27A274F30010B119 /* Resources */ = {
			isa = PBXResourcesBuildPhase;
			buildActionMask = 2147483647;
			files = (
			);
			runOnlyForDeploymentPostprocessing = 0;
		};
		2DD2C02527A274F30010B119 /* Resources */ = {
			isa = PBXResourcesBuildPhase;
			buildActionMask = 2147483647;
			files = (
			);
			runOnlyForDeploymentPostprocessing = 0;
		};
/* End PBXResourcesBuildPhase section */

/* Begin PBXShellScriptBuildPhase section */
		0E7BB6E68D234D6561ED2DFD /* [CP] Check Pods Manifest.lock */ = {
			isa = PBXShellScriptBuildPhase;
			buildActionMask = 2147483647;
			files = (
			);
			inputFileListPaths = (
			);
			inputPaths = (
				"${PODS_PODFILE_DIR_PATH}/Podfile.lock",
				"${PODS_ROOT}/Manifest.lock",
			);
			name = "[CP] Check Pods Manifest.lock";
			outputFileListPaths = (
			);
			outputPaths = (
				"$(DERIVED_FILE_DIR)/Pods-Szapp-SzappUITests-checkManifestLockResult.txt",
			);
			runOnlyForDeploymentPostprocessing = 0;
			shellPath = /bin/sh;
			shellScript = "diff \"${PODS_PODFILE_DIR_PATH}/Podfile.lock\" \"${PODS_ROOT}/Manifest.lock\" > /dev/null\nif [ $? != 0 ] ; then\n    # print error to STDERR\n    echo \"error: The sandbox is not in sync with the Podfile.lock. Run 'pod install' or update your CocoaPods installation.\" >&2\n    exit 1\nfi\n# This output is used by Xcode 'outputs' to avoid re-running this script phase.\necho \"SUCCESS\" > \"${SCRIPT_OUTPUT_FILE_0}\"\n";
			showEnvVarsInLog = 0;
		};
		5DEC6CB12788DC11D817707A /* [CP] Check Pods Manifest.lock */ = {
			isa = PBXShellScriptBuildPhase;
			buildActionMask = 2147483647;
			files = (
			);
			inputFileListPaths = (
			);
			inputPaths = (
				"${PODS_PODFILE_DIR_PATH}/Podfile.lock",
				"${PODS_ROOT}/Manifest.lock",
			);
			name = "[CP] Check Pods Manifest.lock";
			outputFileListPaths = (
			);
			outputPaths = (
				"$(DERIVED_FILE_DIR)/Pods-Szapp-checkManifestLockResult.txt",
			);
			runOnlyForDeploymentPostprocessing = 0;
			shellPath = /bin/sh;
			shellScript = "diff \"${PODS_PODFILE_DIR_PATH}/Podfile.lock\" \"${PODS_ROOT}/Manifest.lock\" > /dev/null\nif [ $? != 0 ] ; then\n    # print error to STDERR\n    echo \"error: The sandbox is not in sync with the Podfile.lock. Run 'pod install' or update your CocoaPods installation.\" >&2\n    exit 1\nfi\n# This output is used by Xcode 'outputs' to avoid re-running this script phase.\necho \"SUCCESS\" > \"${SCRIPT_OUTPUT_FILE_0}\"\n";
			showEnvVarsInLog = 0;
		};
		DBE80483F8E5154B762B3AF6 /* [CP] Check Pods Manifest.lock */ = {
			isa = PBXShellScriptBuildPhase;
			buildActionMask = 2147483647;
			files = (
			);
			inputFileListPaths = (
			);
			inputPaths = (
				"${PODS_PODFILE_DIR_PATH}/Podfile.lock",
				"${PODS_ROOT}/Manifest.lock",
			);
			name = "[CP] Check Pods Manifest.lock";
			outputFileListPaths = (
			);
			outputPaths = (
				"$(DERIVED_FILE_DIR)/Pods-SzappTests-checkManifestLockResult.txt",
			);
			runOnlyForDeploymentPostprocessing = 0;
			shellPath = /bin/sh;
			shellScript = "diff \"${PODS_PODFILE_DIR_PATH}/Podfile.lock\" \"${PODS_ROOT}/Manifest.lock\" > /dev/null\nif [ $? != 0 ] ; then\n    # print error to STDERR\n    echo \"error: The sandbox is not in sync with the Podfile.lock. Run 'pod install' or update your CocoaPods installation.\" >&2\n    exit 1\nfi\n# This output is used by Xcode 'outputs' to avoid re-running this script phase.\necho \"SUCCESS\" > \"${SCRIPT_OUTPUT_FILE_0}\"\n";
			showEnvVarsInLog = 0;
		};
/* End PBXShellScriptBuildPhase section */

/* Begin PBXSourcesBuildPhase section */
		2DD2BFFB27A274F00010B119 /* Sources */ = {
			isa = PBXSourcesBuildPhase;
			buildActionMask = 2147483647;
			files = (
				2DD2C04A27A27E790010B119 /* AddProductViewController.m in Sources */,
				2DD2C01827A274F30010B119 /* main.m in Sources */,
				2DD2C04727A27DBA0010B119 /* StackNavigationController.m in Sources */,
				2DD2C01027A274F00010B119 /* Szapp.xcdatamodeld in Sources */,
				2DD2C04427A27BFB0010B119 /* TabsNavigationController.m in Sources */,
				2DD2C03C27A278A70010B119 /* HomeScreenViewController.m in Sources */,
				2DEB1A3927A2D91400F2F3E7 /* BasketViewController.m in Sources */,
				2DD2C00427A274F00010B119 /* AppDelegate.m in Sources */,
				2DD2C00727A274F00010B119 /* SceneDelegate.m in Sources */,
				2DD2C04027A27A3E0010B119 /* UserProductsViewController.m in Sources */,
			);
			runOnlyForDeploymentPostprocessing = 0;
		};
		2DD2C01927A274F30010B119 /* Sources */ = {
			isa = PBXSourcesBuildPhase;
			buildActionMask = 2147483647;
			files = (
				2DD2C02227A274F30010B119 /* SzappTests.m in Sources */,
			);
			runOnlyForDeploymentPostprocessing = 0;
		};
		2DD2C02327A274F30010B119 /* Sources */ = {
			isa = PBXSourcesBuildPhase;
			buildActionMask = 2147483647;
			files = (
				2DD2C02C27A274F30010B119 /* SzappUITests.m in Sources */,
				2DD2C02E27A274F30010B119 /* SzappUITestsLaunchTests.m in Sources */,
			);
			runOnlyForDeploymentPostprocessing = 0;
		};
/* End PBXSourcesBuildPhase section */

/* Begin PBXTargetDependency section */
		2DD2C01F27A274F30010B119 /* PBXTargetDependency */ = {
			isa = PBXTargetDependency;
			target = 2DD2BFFE27A274F00010B119 /* Szapp */;
			targetProxy = 2DD2C01E27A274F30010B119 /* PBXContainerItemProxy */;
		};
		2DD2C02927A274F30010B119 /* PBXTargetDependency */ = {
			isa = PBXTargetDependency;
			target = 2DD2BFFE27A274F00010B119 /* Szapp */;
			targetProxy = 2DD2C02827A274F30010B119 /* PBXContainerItemProxy */;
		};
/* End PBXTargetDependency section */

/* Begin PBXVariantGroup section */
		2DD2C00B27A274F00010B119 /* Main.storyboard */ = {
			isa = PBXVariantGroup;
			children = (
				2DD2C00C27A274F00010B119 /* Base */,
			);
			name = Main.storyboard;
			sourceTree = "<group>";
		};
		2DD2C01327A274F30010B119 /* LaunchScreen.storyboard */ = {
			isa = PBXVariantGroup;
			children = (
				2DD2C01427A274F30010B119 /* Base */,
			);
			name = LaunchScreen.storyboard;
			sourceTree = "<group>";
		};
/* End PBXVariantGroup section */

/* Begin XCBuildConfiguration section */
		2DD2C02F27A274F30010B119 /* Debug */ = {
			isa = XCBuildConfiguration;
			buildSettings = {
				ALWAYS_SEARCH_USER_PATHS = NO;
				CLANG_ANALYZER_NONNULL = YES;
				CLANG_ANALYZER_NUMBER_OBJECT_CONVERSION = YES_AGGRESSIVE;
				CLANG_CXX_LANGUAGE_STANDARD = "gnu++17";
				CLANG_CXX_LIBRARY = "libc++";
				CLANG_ENABLE_MODULES = YES;
				CLANG_ENABLE_OBJC_ARC = YES;
				CLANG_ENABLE_OBJC_WEAK = YES;
				CLANG_WARN_BLOCK_CAPTURE_AUTORELEASING = YES;
				CLANG_WARN_BOOL_CONVERSION = YES;
				CLANG_WARN_COMMA = YES;
				CLANG_WARN_CONSTANT_CONVERSION = YES;
				CLANG_WARN_DEPRECATED_OBJC_IMPLEMENTATIONS = YES;
				CLANG_WARN_DIRECT_OBJC_ISA_USAGE = YES_ERROR;
				CLANG_WARN_DOCUMENTATION_COMMENTS = YES;
				CLANG_WARN_EMPTY_BODY = YES;
				CLANG_WARN_ENUM_CONVERSION = YES;
				CLANG_WARN_INFINITE_RECURSION = YES;
				CLANG_WARN_INT_CONVERSION = YES;
				CLANG_WARN_NON_LITERAL_NULL_CONVERSION = YES;
				CLANG_WARN_OBJC_IMPLICIT_RETAIN_SELF = YES;
				CLANG_WARN_OBJC_LITERAL_CONVERSION = YES;
				CLANG_WARN_OBJC_ROOT_CLASS = YES_ERROR;
				CLANG_WARN_QUOTED_INCLUDE_IN_FRAMEWORK_HEADER = YES;
				CLANG_WARN_RANGE_LOOP_ANALYSIS = YES;
				CLANG_WARN_STRICT_PROTOTYPES = YES;
				CLANG_WARN_SUSPICIOUS_MOVE = YES;
				CLANG_WARN_UNGUARDED_AVAILABILITY = YES_AGGRESSIVE;
				CLANG_WARN_UNREACHABLE_CODE = YES;
				CLANG_WARN__DUPLICATE_METHOD_MATCH = YES;
				COPY_PHASE_STRIP = NO;
				DEBUG_INFORMATION_FORMAT = dwarf;
				ENABLE_STRICT_OBJC_MSGSEND = YES;
				ENABLE_TESTABILITY = YES;
				GCC_C_LANGUAGE_STANDARD = gnu11;
				GCC_DYNAMIC_NO_PIC = NO;
				GCC_NO_COMMON_BLOCKS = YES;
				GCC_OPTIMIZATION_LEVEL = 0;
				GCC_PREPROCESSOR_DEFINITIONS = (
					"DEBUG=1",
					"$(inherited)",
				);
				GCC_WARN_64_TO_32_BIT_CONVERSION = YES;
				GCC_WARN_ABOUT_RETURN_TYPE = YES_ERROR;
				GCC_WARN_UNDECLARED_SELECTOR = YES;
				GCC_WARN_UNINITIALIZED_AUTOS = YES_AGGRESSIVE;
				GCC_WARN_UNUSED_FUNCTION = YES;
				GCC_WARN_UNUSED_VARIABLE = YES;
				IPHONEOS_DEPLOYMENT_TARGET = 15.0;
				MTL_ENABLE_DEBUG_INFO = INCLUDE_SOURCE;
				MTL_FAST_MATH = YES;
				ONLY_ACTIVE_ARCH = YES;
				SDKROOT = iphoneos;
			};
			name = Debug;
		};
		2DD2C03027A274F30010B119 /* Release */ = {
			isa = XCBuildConfiguration;
			buildSettings = {
				ALWAYS_SEARCH_USER_PATHS = NO;
				CLANG_ANALYZER_NONNULL = YES;
				CLANG_ANALYZER_NUMBER_OBJECT_CONVERSION = YES_AGGRESSIVE;
				CLANG_CXX_LANGUAGE_STANDARD = "gnu++17";
				CLANG_CXX_LIBRARY = "libc++";
				CLANG_ENABLE_MODULES = YES;
				CLANG_ENABLE_OBJC_ARC = YES;
				CLANG_ENABLE_OBJC_WEAK = YES;
				CLANG_WARN_BLOCK_CAPTURE_AUTORELEASING = YES;
				CLANG_WARN_BOOL_CONVERSION = YES;
				CLANG_WARN_COMMA = YES;
				CLANG_WARN_CONSTANT_CONVERSION = YES;
				CLANG_WARN_DEPRECATED_OBJC_IMPLEMENTATIONS = YES;
				CLANG_WARN_DIRECT_OBJC_ISA_USAGE = YES_ERROR;
				CLANG_WARN_DOCUMENTATION_COMMENTS = YES;
				CLANG_WARN_EMPTY_BODY = YES;
				CLANG_WARN_ENUM_CONVERSION = YES;
				CLANG_WARN_INFINITE_RECURSION = YES;
				CLANG_WARN_INT_CONVERSION = YES;
				CLANG_WARN_NON_LITERAL_NULL_CONVERSION = YES;
				CLANG_WARN_OBJC_IMPLICIT_RETAIN_SELF = YES;
				CLANG_WARN_OBJC_LITERAL_CONVERSION = YES;
				CLANG_WARN_OBJC_ROOT_CLASS = YES_ERROR;
				CLANG_WARN_QUOTED_INCLUDE_IN_FRAMEWORK_HEADER = YES;
				CLANG_WARN_RANGE_LOOP_ANALYSIS = YES;
				CLANG_WARN_STRICT_PROTOTYPES = YES;
				CLANG_WARN_SUSPICIOUS_MOVE = YES;
				CLANG_WARN_UNGUARDED_AVAILABILITY = YES_AGGRESSIVE;
				CLANG_WARN_UNREACHABLE_CODE = YES;
				CLANG_WARN__DUPLICATE_METHOD_MATCH = YES;
				COPY_PHASE_STRIP = NO;
				DEBUG_INFORMATION_FORMAT = "dwarf-with-dsym";
				ENABLE_NS_ASSERTIONS = NO;
				ENABLE_STRICT_OBJC_MSGSEND = YES;
				GCC_C_LANGUAGE_STANDARD = gnu11;
				GCC_NO_COMMON_BLOCKS = YES;
				GCC_WARN_64_TO_32_BIT_CONVERSION = YES;
				GCC_WARN_ABOUT_RETURN_TYPE = YES_ERROR;
				GCC_WARN_UNDECLARED_SELECTOR = YES;
				GCC_WARN_UNINITIALIZED_AUTOS = YES_AGGRESSIVE;
				GCC_WARN_UNUSED_FUNCTION = YES;
				GCC_WARN_UNUSED_VARIABLE = YES;
				IPHONEOS_DEPLOYMENT_TARGET = 15.0;
				MTL_ENABLE_DEBUG_INFO = NO;
				MTL_FAST_MATH = YES;
				SDKROOT = iphoneos;
				VALIDATE_PRODUCT = YES;
			};
			name = Release;
		};
		2DD2C03227A274F30010B119 /* Debug */ = {
			isa = XCBuildConfiguration;
			baseConfigurationReference = 0D301F9EAB49572AF5C45661 /* Pods-Szapp.debug.xcconfig */;
			buildSettings = {
				ASSETCATALOG_COMPILER_APPICON_NAME = AppIcon;
				ASSETCATALOG_COMPILER_GLOBAL_ACCENT_COLOR_NAME = AccentColor;
				CODE_SIGN_STYLE = Automatic;
				CURRENT_PROJECT_VERSION = 1;
				DEVELOPMENT_TEAM = K4ZRJRAX8R;
				GENERATE_INFOPLIST_FILE = YES;
				HEADER_SEARCH_PATHS = (
					"\"${SRCROOT}\"/**",
					"\"${SRCROOT}/NavigationControllers\"/**",
					"\"${SRCROOT}/ViewControllers\"/**",
				);
				INFOPLIST_FILE = Szapp/Info.plist;
				INFOPLIST_KEY_UIApplicationSupportsIndirectInputEvents = YES;
				INFOPLIST_KEY_UILaunchStoryboardName = LaunchScreen;
				INFOPLIST_KEY_UIMainStoryboardFile = Main;
				INFOPLIST_KEY_UISupportedInterfaceOrientations_iPad = "UIInterfaceOrientationPortrait UIInterfaceOrientationPortraitUpsideDown UIInterfaceOrientationLandscapeLeft UIInterfaceOrientationLandscapeRight";
				INFOPLIST_KEY_UISupportedInterfaceOrientations_iPhone = "UIInterfaceOrientationPortrait UIInterfaceOrientationLandscapeLeft UIInterfaceOrientationLandscapeRight";
				LD_RUNPATH_SEARCH_PATHS = (
					"$(inherited)",
					"@executable_path/Frameworks",
				);
				MARKETING_VERSION = 1.0;
				PRODUCT_BUNDLE_IDENTIFIER = pl.dominikhinc.Szapp;
				PRODUCT_NAME = "$(TARGET_NAME)";
				SWIFT_EMIT_LOC_STRINGS = YES;
				TARGETED_DEVICE_FAMILY = "1,2";
			};
			name = Debug;
		};
		2DD2C03327A274F30010B119 /* Release */ = {
			isa = XCBuildConfiguration;
			baseConfigurationReference = 295C6021FEF4753DCA2B5DF0 /* Pods-Szapp.release.xcconfig */;
			buildSettings = {
				ASSETCATALOG_COMPILER_APPICON_NAME = AppIcon;
				ASSETCATALOG_COMPILER_GLOBAL_ACCENT_COLOR_NAME = AccentColor;
				CODE_SIGN_STYLE = Automatic;
				CURRENT_PROJECT_VERSION = 1;
				DEVELOPMENT_TEAM = K4ZRJRAX8R;
				GENERATE_INFOPLIST_FILE = YES;
				HEADER_SEARCH_PATHS = (
					"\"${SRCROOT}\"/**",
					"\"${SRCROOT}/NavigationControllers\"/**",
					"\"${SRCROOT}/ViewControllers\"/**",
				);
				INFOPLIST_FILE = Szapp/Info.plist;
				INFOPLIST_KEY_UIApplicationSupportsIndirectInputEvents = YES;
				INFOPLIST_KEY_UILaunchStoryboardName = LaunchScreen;
				INFOPLIST_KEY_UIMainStoryboardFile = Main;
				INFOPLIST_KEY_UISupportedInterfaceOrientations_iPad = "UIInterfaceOrientationPortrait UIInterfaceOrientationPortraitUpsideDown UIInterfaceOrientationLandscapeLeft UIInterfaceOrientationLandscapeRight";
				INFOPLIST_KEY_UISupportedInterfaceOrientations_iPhone = "UIInterfaceOrientationPortrait UIInterfaceOrientationLandscapeLeft UIInterfaceOrientationLandscapeRight";
				LD_RUNPATH_SEARCH_PATHS = (
					"$(inherited)",
					"@executable_path/Frameworks",
				);
				MARKETING_VERSION = 1.0;
				PRODUCT_BUNDLE_IDENTIFIER = pl.dominikhinc.Szapp;
				PRODUCT_NAME = "$(TARGET_NAME)";
				SWIFT_EMIT_LOC_STRINGS = YES;
				TARGETED_DEVICE_FAMILY = "1,2";
			};
			name = Release;
		};
		2DD2C03527A274F30010B119 /* Debug */ = {
			isa = XCBuildConfiguration;
			baseConfigurationReference = 1B93D9569B6ED470B23CB58D /* Pods-SzappTests.debug.xcconfig */;
			buildSettings = {
				BUNDLE_LOADER = "$(TEST_HOST)";
				CODE_SIGN_STYLE = Automatic;
				CURRENT_PROJECT_VERSION = 1;
				DEVELOPMENT_TEAM = K4ZRJRAX8R;
				GENERATE_INFOPLIST_FILE = YES;
				IPHONEOS_DEPLOYMENT_TARGET = 15.0;
				LD_RUNPATH_SEARCH_PATHS = (
					"$(inherited)",
					"@executable_path/Frameworks",
					"@loader_path/Frameworks",
				);
				MARKETING_VERSION = 1.0;
				PRODUCT_BUNDLE_IDENTIFIER = pl.dominikhinc.SzappTests;
				PRODUCT_NAME = "$(TARGET_NAME)";
				SWIFT_EMIT_LOC_STRINGS = NO;
				TARGETED_DEVICE_FAMILY = "1,2";
				TEST_HOST = "$(BUILT_PRODUCTS_DIR)/Szapp.app/Szapp";
			};
			name = Debug;
		};
		2DD2C03627A274F30010B119 /* Release */ = {
			isa = XCBuildConfiguration;
			baseConfigurationReference = 78BF78B070BF7E04A548BFD2 /* Pods-SzappTests.release.xcconfig */;
			buildSettings = {
				BUNDLE_LOADER = "$(TEST_HOST)";
				CODE_SIGN_STYLE = Automatic;
				CURRENT_PROJECT_VERSION = 1;
				DEVELOPMENT_TEAM = K4ZRJRAX8R;
				GENERATE_INFOPLIST_FILE = YES;
				IPHONEOS_DEPLOYMENT_TARGET = 15.0;
				LD_RUNPATH_SEARCH_PATHS = (
					"$(inherited)",
					"@executable_path/Frameworks",
					"@loader_path/Frameworks",
				);
				MARKETING_VERSION = 1.0;
				PRODUCT_BUNDLE_IDENTIFIER = pl.dominikhinc.SzappTests;
				PRODUCT_NAME = "$(TARGET_NAME)";
				SWIFT_EMIT_LOC_STRINGS = NO;
				TARGETED_DEVICE_FAMILY = "1,2";
				TEST_HOST = "$(BUILT_PRODUCTS_DIR)/Szapp.app/Szapp";
			};
			name = Release;
		};
		2DD2C03827A274F30010B119 /* Debug */ = {
			isa = XCBuildConfiguration;
			baseConfigurationReference = 7AC647AA3C7F6318F1BF0FE3 /* Pods-Szapp-SzappUITests.debug.xcconfig */;
			buildSettings = {
				CODE_SIGN_STYLE = Automatic;
				CURRENT_PROJECT_VERSION = 1;
				DEVELOPMENT_TEAM = K4ZRJRAX8R;
				GENERATE_INFOPLIST_FILE = YES;
				LD_RUNPATH_SEARCH_PATHS = (
					"$(inherited)",
					"@executable_path/Frameworks",
					"@loader_path/Frameworks",
				);
				MARKETING_VERSION = 1.0;
				PRODUCT_BUNDLE_IDENTIFIER = pl.dominikhinc.SzappUITests;
				PRODUCT_NAME = "$(TARGET_NAME)";
				SWIFT_EMIT_LOC_STRINGS = NO;
				TARGETED_DEVICE_FAMILY = "1,2";
				TEST_TARGET_NAME = Szapp;
			};
			name = Debug;
		};
		2DD2C03927A274F30010B119 /* Release */ = {
			isa = XCBuildConfiguration;
			baseConfigurationReference = 118FFB31E96320E20B8A96B7 /* Pods-Szapp-SzappUITests.release.xcconfig */;
			buildSettings = {
				CODE_SIGN_STYLE = Automatic;
				CURRENT_PROJECT_VERSION = 1;
				DEVELOPMENT_TEAM = K4ZRJRAX8R;
				GENERATE_INFOPLIST_FILE = YES;
				LD_RUNPATH_SEARCH_PATHS = (
					"$(inherited)",
					"@executable_path/Frameworks",
					"@loader_path/Frameworks",
				);
				MARKETING_VERSION = 1.0;
				PRODUCT_BUNDLE_IDENTIFIER = pl.dominikhinc.SzappUITests;
				PRODUCT_NAME = "$(TARGET_NAME)";
				SWIFT_EMIT_LOC_STRINGS = NO;
				TARGETED_DEVICE_FAMILY = "1,2";
				TEST_TARGET_NAME = Szapp;
			};
			name = Release;
		};
/* End XCBuildConfiguration section */

/* Begin XCConfigurationList section */
		2DD2BFFA27A274F00010B119 /* Build configuration list for PBXProject "Szapp" */ = {
			isa = XCConfigurationList;
			buildConfigurations = (
				2DD2C02F27A274F30010B119 /* Debug */,
				2DD2C03027A274F30010B119 /* Release */,
			);
			defaultConfigurationIsVisible = 0;
			defaultConfigurationName = Release;
		};
		2DD2C03127A274F30010B119 /* Build configuration list for PBXNativeTarget "Szapp" */ = {
			isa = XCConfigurationList;
			buildConfigurations = (
				2DD2C03227A274F30010B119 /* Debug */,
				2DD2C03327A274F30010B119 /* Release */,
			);
			defaultConfigurationIsVisible = 0;
			defaultConfigurationName = Release;
		};
		2DD2C03427A274F30010B119 /* Build configuration list for PBXNativeTarget "SzappTests" */ = {
			isa = XCConfigurationList;
			buildConfigurations = (
				2DD2C03527A274F30010B119 /* Debug */,
				2DD2C03627A274F30010B119 /* Release */,
			);
			defaultConfigurationIsVisible = 0;
			defaultConfigurationName = Release;
		};
		2DD2C03727A274F30010B119 /* Build configuration list for PBXNativeTarget "SzappUITests" */ = {
			isa = XCConfigurationList;
			buildConfigurations = (
				2DD2C03827A274F30010B119 /* Debug */,
				2DD2C03927A274F30010B119 /* Release */,
			);
			defaultConfigurationIsVisible = 0;
			defaultConfigurationName = Release;
		};
/* End XCConfigurationList section */

/* Begin XCVersionGroup section */
		2DD2C00E27A274F00010B119 /* Szapp.xcdatamodeld */ = {
			isa = XCVersionGroup;
			children = (
				2DD2C00F27A274F00010B119 /* Szapp.xcdatamodel */,
			);
			currentVersion = 2DD2C00F27A274F00010B119 /* Szapp.xcdatamodel */;
			path = Szapp.xcdatamodeld;
			sourceTree = "<group>";
			versionGroupType = wrapper.xcdatamodel;
		};
/* End XCVersionGroup section */
	};
	rootObject = 2DD2BFF727A274F00010B119 /* Project object */;
}
